
Microsoft Visual Studio Solution File, Format Version 12.00
# Visual Studio 15
VisualStudioVersion = 15.0.27130.2036
MinimumVisualStudioVersion = 10.0.40219.1
Project("{9A19103F-16F7-4668-BE54-9A1E7A4F7556}") = "CircoParrotTools.Common", "CircoParrotTools.Common\CircoParrotTools.Common.csproj", "{7EBDECA0-3B57-4755-9C32-90EAE6141033}"
EndProject
Project("{9A19103F-16F7-4668-BE54-9A1E7A4F7556}") = "CircoParrotTools.Web", "CircoParrotTools.Web\CircoParrotTools.Web.csproj", "{E93179DE-ED67-4288-A5D1-012A17EA3D10}"
EndProject
Project("{9A19103F-16F7-4668-BE54-9A1E7A4F7556}") = "CircoParrotTools.Data", "CircoParrotTools.Data\CircoParrotTools.Data.csproj", "{A9FDCFFA-58DB-472D-B03C-C3DC58DE02B5}"
EndProject
Project("{FAE04EC0-301F-11D3-BF4B-00C04F79EFBC}") = "ConsoleMediaConvert", "ConsoleMediaConvert\ConsoleMediaConvert.csproj", "{056F75E3-FA6A-4B0A-95DA-020B51A0A507}"
EndProject
Global
	GlobalSection(SolutionConfigurationPlatforms) = preSolution
		Debug|Any CPU = Debug|Any CPU
		Release|Any CPU = Release|Any CPU
	EndGlobalSection
	GlobalSection(ProjectConfigurationPlatforms) = postSolution
		{7EBDECA0-3B57-4755-9C32-90EAE6141033}.Debug|Any CPU.ActiveCfg = Debug|Any CPU
		{7EBDECA0-3B57-4755-9C32-90EAE6141033}.Debug|Any CPU.Build.0 = Debug|Any CPU
		{7EBDECA0-3B57-4755-9C32-90EAE6141033}.Release|Any CPU.ActiveCfg = Release|Any CPU
		{7EBDECA0-3B57-4755-9C32-90EAE6141033}.Release|Any CPU.Build.0 = Release|Any CPU
		{E93179DE-ED67-4288-A5D1-012A17EA3D10}.Debug|Any CPU.ActiveCfg = Debug|Any CPU
		{E93179DE-ED67-4288-A5D1-012A17EA3D10}.Debug|Any CPU.Build.0 = Debug|Any CPU
		{E93179DE-ED67-4288-A5D1-012A17EA3D10}.Release|Any CPU.ActiveCfg = Release|Any CPU
		{E93179DE-ED67-4288-A5D1-012A17EA3D10}.Release|Any CPU.Build.0 = Release|Any CPU
		{A9FDCFFA-58DB-472D-B03C-C3DC58DE02B5}.Debug|Any CPU.ActiveCfg = Debug|Any CPU
		{A9FDCFFA-58DB-472D-B03C-C3DC58DE02B5}.Debug|Any CPU.Build.0 = Debug|Any CPU
		{A9FDCFFA-58DB-472D-B03C-C3DC58DE02B5}.Release|Any CPU.ActiveCfg = Release|Any CPU
		{A9FDCFFA-58DB-472D-B03C-C3DC58DE02B5}.Release|Any CPU.Build.0 = Release|Any CPU
		{056F75E3-FA6A-4B0A-95DA-020B51A0A507}.Debug|Any CPU.ActiveCfg = Debug|Any CPU
		{056F75E3-FA6A-4B0A-95DA-020B51A0A507}.Debug|Any CPU.Build.0 = Debug|Any CPU
		{056F75E3-FA6A-4B0A-95DA-020B51A0A507}.Release|Any CPU.ActiveCfg = Release|Any CPU
		{056F75E3-FA6A-4B0A-95DA-020B51A0A507}.Release|Any CPU.Build.0 = Release|Any CPU
	EndGlobalSection
	GlobalSection(SolutionProperties) = preSolution
		HideSolutionNode = FALSE
	EndGlobalSection
	GlobalSection(ExtensibilityGlobals) = postSolution
		SolutionGuid = {DB3472B4-80F0-4569-8E01-D1D3AB8D6E4C}
	EndGlobalSection
EndGlobal
