
Microsoft Visual Studio Solution File, Format Version 12.00
# Visual Studio 15
VisualStudioVersion = 15.0.27130.2036
MinimumVisualStudioVersion = 10.0.40219.1
Project("{9A19103F-16F7-4668-BE54-9A1E7A4F7556}") = "CircoParrotTools.Common", "CircoParrotTools.Common\CircoParrotTools.Common.csproj", "{7EBDECA0-3B57-4755-9C32-90EAE6141033}"
EndProject
Project("{9A19103F-16F7-4668-BE54-9A1E7A4F7556}") = "CircoParrotTools.Web", "CircoParrotTools.Web\CircoParrotTools.Web.csproj", "{E93179DE-ED67-4288-A5D1-012A17EA3D10}"
EndProject
Global
	GlobalSection(SolutionConfigurationPlatforms) = preSolution
		Debug|Any CPU = Debug|Any CPU
		Release|Any CPU = Release|Any CPU
	EndGlobalSection
	GlobalSection(ProjectConfigurationPlatforms) = postSolution
		{7EBDECA0-3B57-4755-9C32-90EAE6141033}.Debug|Any CPU.ActiveCfg = Debug|Any CPU
		{7EBDECA0-3B57-4755-9C32-90EAE6141033}.Debug|Any CPU.Build.0 = Debug|Any CPU
		{7EBDECA0-3B57-4755-9C32-90EAE6141033}.Release|Any CPU.ActiveCfg = Release|Any CPU
		{7EBDECA0-3B57-4755-9C32-90EAE6141033}.Release|Any CPU.Build.0 = Release|Any CPU
		{E93179DE-ED67-4288-A5D1-012A17EA3D10}.Debug|Any CPU.ActiveCfg = Debug|Any CPU
		{E93179DE-ED67-4288-A5D1-012A17EA3D10}.Debug|Any CPU.Build.0 = Debug|Any CPU
		{E93179DE-ED67-4288-A5D1-012A17EA3D10}.Release|Any CPU.ActiveCfg = Release|Any CPU
		{E93179DE-ED67-4288-A5D1-012A17EA3D10}.Release|Any CPU.Build.0 = Release|Any CPU
	EndGlobalSection
	GlobalSection(SolutionProperties) = preSolution
		HideSolutionNode = FALSE
	EndGlobalSection
	GlobalSection(ExtensibilityGlobals) = postSolution
		SolutionGuid = {DB3472B4-80F0-4569-8E01-D1D3AB8D6E4C}
	EndGlobalSection
EndGlobal
